// !$*UTF8*$!
{
	archiveVersion = 1;
	classes = {
	};
	objectVersion = 50;
	objects = {

/* Begin PBXBuildFile section */
		02815877240B0F6F00B07251 /* AppDelegate.swift in Sources */ = {isa = PBXBuildFile; fileRef = 02815876240B0F6F00B07251 /* AppDelegate.swift */; };
		02815879240B0F6F00B07251 /* SceneDelegate.swift in Sources */ = {isa = PBXBuildFile; fileRef = 02815878240B0F6F00B07251 /* SceneDelegate.swift */; };
		0281587B240B0F6F00B07251 /* MonitorViewController.swift in Sources */ = {isa = PBXBuildFile; fileRef = 0281587A240B0F6F00B07251 /* MonitorViewController.swift */; };
		0281587E240B0F6F00B07251 /* Main.storyboard in Resources */ = {isa = PBXBuildFile; fileRef = 0281587C240B0F6F00B07251 /* Main.storyboard */; };
		02815880240B0F7000B07251 /* Assets.xcassets in Resources */ = {isa = PBXBuildFile; fileRef = 0281587F240B0F7000B07251 /* Assets.xcassets */; };
		02815883240B0F7000B07251 /* LaunchScreen.storyboard in Resources */ = {isa = PBXBuildFile; fileRef = 02815881240B0F7000B07251 /* LaunchScreen.storyboard */; };
		02D774C6240C30A70025DF4C /* ContextManager.swift in Sources */ = {isa = PBXBuildFile; fileRef = 02D774C5240C30A70025DF4C /* ContextManager.swift */; };
		02D774C9240C58070025DF4C /* HeartRateMonitorServiceUtil.swift in Sources */ = {isa = PBXBuildFile; fileRef = 02D774C8240C58070025DF4C /* HeartRateMonitorServiceUtil.swift */; };
		02D774CB240C58AF0025DF4C /* HeartRateMonitorServiceCharacteristicsUtil.swift in Sources */ = {isa = PBXBuildFile; fileRef = 02D774CA240C58AF0025DF4C /* HeartRateMonitorServiceCharacteristicsUtil.swift */; };
		02D774CD240C6B000025DF4C /* ColorUtil.swift in Sources */ = {isa = PBXBuildFile; fileRef = 02D774CC240C6B000025DF4C /* ColorUtil.swift */; };
		02DDDB5B240B14E200CEF966 /* PeripheralConnectViewController.swift in Sources */ = {isa = PBXBuildFile; fileRef = 02DDDB5A240B14E200CEF966 /* PeripheralConnectViewController.swift */; };
		02DDDB60240B16AF00CEF966 /* CoreBluetooth.framework in Frameworks */ = {isa = PBXBuildFile; fileRef = 02DDDB5F240B16AF00CEF966 /* CoreBluetooth.framework */; };
/* End PBXBuildFile section */

/* Begin PBXFileReference section */
		02815873240B0F6F00B07251 /* HeartRateMonitor.app */ = {isa = PBXFileReference; explicitFileType = wrapper.application; includeInIndex = 0; path = HeartRateMonitor.app; sourceTree = BUILT_PRODUCTS_DIR; };
		02815876240B0F6F00B07251 /* AppDelegate.swift */ = {isa = PBXFileReference; lastKnownFileType = sourcecode.swift; path = AppDelegate.swift; sourceTree = "<group>"; };
		02815878240B0F6F00B07251 /* SceneDelegate.swift */ = {isa = PBXFileReference; lastKnownFileType = sourcecode.swift; path = SceneDelegate.swift; sourceTree = "<group>"; };
		0281587A240B0F6F00B07251 /* MonitorViewController.swift */ = {isa = PBXFileReference; lastKnownFileType = sourcecode.swift; path = MonitorViewController.swift; sourceTree = "<group>"; };
		0281587D240B0F6F00B07251 /* Base */ = {isa = PBXFileReference; lastKnownFileType = file.storyboard; name = Base; path = Base.lproj/Main.storyboard; sourceTree = "<group>"; };
		0281587F240B0F7000B07251 /* Assets.xcassets */ = {isa = PBXFileReference; lastKnownFileType = folder.assetcatalog; path = Assets.xcassets; sourceTree = "<group>"; };
		02815882240B0F7000B07251 /* Base */ = {isa = PBXFileReference; lastKnownFileType = file.storyboard; name = Base; path = Base.lproj/LaunchScreen.storyboard; sourceTree = "<group>"; };
		02815884240B0F7000B07251 /* Info.plist */ = {isa = PBXFileReference; lastKnownFileType = text.plist.xml; path = Info.plist; sourceTree = "<group>"; };
		02C38ACB240C7AEB00C43BE4 /* README.md */ = {isa = PBXFileReference; lastKnownFileType = net.daringfireball.markdown; path = README.md; sourceTree = "<group>"; };
		02D774C5240C30A70025DF4C /* ContextManager.swift */ = {isa = PBXFileReference; lastKnownFileType = sourcecode.swift; path = ContextManager.swift; sourceTree = "<group>"; };
		02D774C8240C58070025DF4C /* HeartRateMonitorServiceUtil.swift */ = {isa = PBXFileReference; lastKnownFileType = sourcecode.swift; path = HeartRateMonitorServiceUtil.swift; sourceTree = "<group>"; };
		02D774CA240C58AF0025DF4C /* HeartRateMonitorServiceCharacteristicsUtil.swift */ = {isa = PBXFileReference; lastKnownFileType = sourcecode.swift; path = HeartRateMonitorServiceCharacteristicsUtil.swift; sourceTree = "<group>"; };
		02D774CC240C6B000025DF4C /* ColorUtil.swift */ = {isa = PBXFileReference; lastKnownFileType = sourcecode.swift; path = ColorUtil.swift; sourceTree = "<group>"; };
		02DDDB5A240B14E200CEF966 /* PeripheralConnectViewController.swift */ = {isa = PBXFileReference; lastKnownFileType = sourcecode.swift; path = PeripheralConnectViewController.swift; sourceTree = "<group>"; };
		02DDDB5F240B16AF00CEF966 /* CoreBluetooth.framework */ = {isa = PBXFileReference; lastKnownFileType = wrapper.framework; name = CoreBluetooth.framework; path = System/Library/Frameworks/CoreBluetooth.framework; sourceTree = SDKROOT; };
/* End PBXFileReference section */

/* Begin PBXFrameworksBuildPhase section */
		02815870240B0F6F00B07251 /* Frameworks */ = {
			isa = PBXFrameworksBuildPhase;
			buildActionMask = 2147483647;
			files = (
				02DDDB60240B16AF00CEF966 /* CoreBluetooth.framework in Frameworks */,
			);
			runOnlyForDeploymentPostprocessing = 0;
		};
/* End PBXFrameworksBuildPhase section */

/* Begin PBXGroup section */
		0281586A240B0F6F00B07251 = {
			isa = PBXGroup;
			children = (
				02C38ACC240C7F5F00C43BE4 /* Support */,
				02C38ACB240C7AEB00C43BE4 /* README.md */,
				02815875240B0F6F00B07251 /* HeartRateMonitor */,
				02815874240B0F6F00B07251 /* Products */,
				02DDDB5E240B16AF00CEF966 /* Frameworks */,
			);
			sourceTree = "<group>";
		};
		02815874240B0F6F00B07251 /* Products */ = {
			isa = PBXGroup;
			children = (
				02815873240B0F6F00B07251 /* HeartRateMonitor.app */,
			);
			name = Products;
			sourceTree = "<group>";
		};
		02815875240B0F6F00B07251 /* HeartRateMonitor */ = {
			isa = PBXGroup;
			children = (
				02D774C7240C57E80025DF4C /* Util */,
				02DDDB5D240B15D300CEF966 /* View */,
				02DDDB5C240B15BB00CEF966 /* Supporting Files */,
				02815876240B0F6F00B07251 /* AppDelegate.swift */,
				02815878240B0F6F00B07251 /* SceneDelegate.swift */,
				0281587F240B0F7000B07251 /* Assets.xcassets */,
				02815884240B0F7000B07251 /* Info.plist */,
				02D774C5240C30A70025DF4C /* ContextManager.swift */,
			);
			path = HeartRateMonitor;
			sourceTree = "<group>";
		};
		02C38ACC240C7F5F00C43BE4 /* Support */ = {
			isa = PBXGroup;
			children = (
			);
			path = Support;
			sourceTree = "<group>";
		};
		02D774C7240C57E80025DF4C /* Util */ = {
			isa = PBXGroup;
			children = (
				02D774C8240C58070025DF4C /* HeartRateMonitorServiceUtil.swift */,
				02D774CA240C58AF0025DF4C /* HeartRateMonitorServiceCharacteristicsUtil.swift */,
				02D774CC240C6B000025DF4C /* ColorUtil.swift */,
			);
			path = Util;
			sourceTree = "<group>";
		};
		02DDDB5C240B15BB00CEF966 /* Supporting Files */ = {
			isa = PBXGroup;
			children = (
				0281587C240B0F6F00B07251 /* Main.storyboard */,
				02815881240B0F7000B07251 /* LaunchScreen.storyboard */,
			);
			path = "Supporting Files";
			sourceTree = "<group>";
		};
		02DDDB5D240B15D300CEF966 /* View */ = {
			isa = PBXGroup;
			children = (
				02DDDB5A240B14E200CEF966 /* PeripheralConnectViewController.swift */,
				0281587A240B0F6F00B07251 /* MonitorViewController.swift */,
			);
			path = View;
			sourceTree = "<group>";
		};
		02DDDB5E240B16AF00CEF966 /* Frameworks */ = {
			isa = PBXGroup;
			children = (
				02DDDB5F240B16AF00CEF966 /* CoreBluetooth.framework */,
			);
			name = Frameworks;
			sourceTree = "<group>";
		};
/* End PBXGroup section */

/* Begin PBXNativeTarget section */
		02815872240B0F6F00B07251 /* HeartRateMonitor */ = {
			isa = PBXNativeTarget;
			buildConfigurationList = 02815887240B0F7000B07251 /* Build configuration list for PBXNativeTarget "HeartRateMonitor" */;
			buildPhases = (
				0281586F240B0F6F00B07251 /* Sources */,
				02815870240B0F6F00B07251 /* Frameworks */,
				02815871240B0F6F00B07251 /* Resources */,
			);
			buildRules = (
			);
			dependencies = (
			);
			name = HeartRateMonitor;
			productName = HeartRateMonitor;
			productReference = 02815873240B0F6F00B07251 /* HeartRateMonitor.app */;
			productType = "com.apple.product-type.application";
		};
/* End PBXNativeTarget section */

/* Begin PBXProject section */
		0281586B240B0F6F00B07251 /* Project object */ = {
			isa = PBXProject;
			attributes = {
				LastSwiftUpdateCheck = 1130;
				LastUpgradeCheck = 1130;
				ORGANIZATIONNAME = "MiM Development";
				TargetAttributes = {
					02815872240B0F6F00B07251 = {
						CreatedOnToolsVersion = 11.3.1;
					};
				};
			};
			buildConfigurationList = 0281586E240B0F6F00B07251 /* Build configuration list for PBXProject "HeartRateMonitor" */;
			compatibilityVersion = "Xcode 9.3";
			developmentRegion = en;
			hasScannedForEncodings = 0;
			knownRegions = (
				en,
				Base,
			);
			mainGroup = 0281586A240B0F6F00B07251;
			productRefGroup = 02815874240B0F6F00B07251 /* Products */;
			projectDirPath = "";
			projectRoot = "";
			targets = (
				02815872240B0F6F00B07251 /* HeartRateMonitor */,
			);
		};
/* End PBXProject section */

/* Begin PBXResourcesBuildPhase section */
		02815871240B0F6F00B07251 /* Resources */ = {
			isa = PBXResourcesBuildPhase;
			buildActionMask = 2147483647;
			files = (
				02815883240B0F7000B07251 /* LaunchScreen.storyboard in Resources */,
				02815880240B0F7000B07251 /* Assets.xcassets in Resources */,
				0281587E240B0F6F00B07251 /* Main.storyboard in Resources */,
			);
			runOnlyForDeploymentPostprocessing = 0;
		};
/* End PBXResourcesBuildPhase section */

/* Begin PBXSourcesBuildPhase section */
		0281586F240B0F6F00B07251 /* Sources */ = {
			isa = PBXSourcesBuildPhase;
			buildActionMask = 2147483647;
			files = (
				0281587B240B0F6F00B07251 /* MonitorViewController.swift in Sources */,
				02D774CB240C58AF0025DF4C /* HeartRateMonitorServiceCharacteristicsUtil.swift in Sources */,
				02D774C6240C30A70025DF4C /* ContextManager.swift in Sources */,
				02DDDB5B240B14E200CEF966 /* PeripheralConnectViewController.swift in Sources */,
				02D774C9240C58070025DF4C /* HeartRateMonitorServiceUtil.swift in Sources */,
				02D774CD240C6B000025DF4C /* ColorUtil.swift in Sources */,
				02815877240B0F6F00B07251 /* AppDelegate.swift in Sources */,
				02815879240B0F6F00B07251 /* SceneDelegate.swift in Sources */,
			);
			runOnlyForDeploymentPostprocessing = 0;
		};
/* End PBXSourcesBuildPhase section */

/* Begin PBXVariantGroup section */
		0281587C240B0F6F00B07251 /* Main.storyboard */ = {
			isa = PBXVariantGroup;
			children = (
				0281587D240B0F6F00B07251 /* Base */,
			);
			name = Main.storyboard;
			sourceTree = "<group>";
		};
		02815881240B0F7000B07251 /* LaunchScreen.storyboard */ = {
			isa = PBXVariantGroup;
			children = (
				02815882240B0F7000B07251 /* Base */,
			);
			name = LaunchScreen.storyboard;
			sourceTree = "<group>";
		};
/* End PBXVariantGroup section */

/* Begin XCBuildConfiguration section */
		02815885240B0F7000B07251 /* Debug */ = {
			isa = XCBuildConfiguration;
			buildSettings = {
				ALWAYS_SEARCH_USER_PATHS = NO;
				CLANG_ANALYZER_NONNULL = YES;
				CLANG_ANALYZER_NUMBER_OBJECT_CONVERSION = YES_AGGRESSIVE;
				CLANG_CXX_LANGUAGE_STANDARD = "gnu++14";
				CLANG_CXX_LIBRARY = "libc++";
				CLANG_ENABLE_MODULES = YES;
				CLANG_ENABLE_OBJC_ARC = YES;
				CLANG_ENABLE_OBJC_WEAK = YES;
				CLANG_WARN_BLOCK_CAPTURE_AUTORELEASING = YES;
				CLANG_WARN_BOOL_CONVERSION = YES;
				CLANG_WARN_COMMA = YES;
				CLANG_WARN_CONSTANT_CONVERSION = YES;
				CLANG_WARN_DEPRECATED_OBJC_IMPLEMENTATIONS = YES;
				CLANG_WARN_DIRECT_OBJC_ISA_USAGE = YES_ERROR;
				CLANG_WARN_DOCUMENTATION_COMMENTS = YES;
				CLANG_WARN_EMPTY_BODY = YES;
				CLANG_WARN_ENUM_CONVERSION = YES;
				CLANG_WARN_INFINITE_RECURSION = YES;
				CLANG_WARN_INT_CONVERSION = YES;
				CLANG_WARN_NON_LITERAL_NULL_CONVERSION = YES;
				CLANG_WARN_OBJC_IMPLICIT_RETAIN_SELF = YES;
				CLANG_WARN_OBJC_LITERAL_CONVERSION = YES;
				CLANG_WARN_OBJC_ROOT_CLASS = YES_ERROR;
				CLANG_WARN_RANGE_LOOP_ANALYSIS = YES;
				CLANG_WARN_STRICT_PROTOTYPES = YES;
				CLANG_WARN_SUSPICIOUS_MOVE = YES;
				CLANG_WARN_UNGUARDED_AVAILABILITY = YES_AGGRESSIVE;
				CLANG_WARN_UNREACHABLE_CODE = YES;
				CLANG_WARN__DUPLICATE_METHOD_MATCH = YES;
				COPY_PHASE_STRIP = NO;
				DEBUG_INFORMATION_FORMAT = dwarf;
				ENABLE_STRICT_OBJC_MSGSEND = YES;
				ENABLE_TESTABILITY = YES;
				GCC_C_LANGUAGE_STANDARD = gnu11;
				GCC_DYNAMIC_NO_PIC = NO;
				GCC_NO_COMMON_BLOCKS = YES;
				GCC_OPTIMIZATION_LEVEL = 0;
				GCC_PREPROCESSOR_DEFINITIONS = (
					"DEBUG=1",
					"$(inherited)",
				);
				GCC_WARN_64_TO_32_BIT_CONVERSION = YES;
				GCC_WARN_ABOUT_RETURN_TYPE = YES_ERROR;
				GCC_WARN_UNDECLARED_SELECTOR = YES;
				GCC_WARN_UNINITIALIZED_AUTOS = YES_AGGRESSIVE;
				GCC_WARN_UNUSED_FUNCTION = YES;
				GCC_WARN_UNUSED_VARIABLE = YES;
				IPHONEOS_DEPLOYMENT_TARGET = 13.2;
				MTL_ENABLE_DEBUG_INFO = INCLUDE_SOURCE;
				MTL_FAST_MATH = YES;
				ONLY_ACTIVE_ARCH = YES;
				SDKROOT = iphoneos;
				SWIFT_ACTIVE_COMPILATION_CONDITIONS = DEBUG;
				SWIFT_OPTIMIZATION_LEVEL = "-Onone";
			};
			name = Debug;
		};
		02815886240B0F7000B07251 /* Release */ = {
			isa = XCBuildConfiguration;
			buildSettings = {
				ALWAYS_SEARCH_USER_PATHS = NO;
				CLANG_ANALYZER_NONNULL = YES;
				CLANG_ANALYZER_NUMBER_OBJECT_CONVERSION = YES_AGGRESSIVE;
				CLANG_CXX_LANGUAGE_STANDARD = "gnu++14";
				CLANG_CXX_LIBRARY = "libc++";
				CLANG_ENABLE_MODULES = YES;
				CLANG_ENABLE_OBJC_ARC = YES;
				CLANG_ENABLE_OBJC_WEAK = YES;
				CLANG_WARN_BLOCK_CAPTURE_AUTORELEASING = YES;
				CLANG_WARN_BOOL_CONVERSION = YES;
				CLANG_WARN_COMMA = YES;
				CLANG_WARN_CONSTANT_CONVERSION = YES;
				CLANG_WARN_DEPRECATED_OBJC_IMPLEMENTATIONS = YES;
				CLANG_WARN_DIRECT_OBJC_ISA_USAGE = YES_ERROR;
				CLANG_WARN_DOCUMENTATION_COMMENTS = YES;
				CLANG_WARN_EMPTY_BODY = YES;
				CLANG_WARN_ENUM_CONVERSION = YES;
				CLANG_WARN_INFINITE_RECURSION = YES;
				CLANG_WARN_INT_CONVERSION = YES;
				CLANG_WARN_NON_LITERAL_NULL_CONVERSION = YES;
				CLANG_WARN_OBJC_IMPLICIT_RETAIN_SELF = YES;
				CLANG_WARN_OBJC_LITERAL_CONVERSION = YES;
				CLANG_WARN_OBJC_ROOT_CLASS = YES_ERROR;
				CLANG_WARN_RANGE_LOOP_ANALYSIS = YES;
				CLANG_WARN_STRICT_PROTOTYPES = YES;
				CLANG_WARN_SUSPICIOUS_MOVE = YES;
				CLANG_WARN_UNGUARDED_AVAILABILITY = YES_AGGRESSIVE;
				CLANG_WARN_UNREACHABLE_CODE = YES;
				CLANG_WARN__DUPLICATE_METHOD_MATCH = YES;
				COPY_PHASE_STRIP = NO;
				DEBUG_INFORMATION_FORMAT = "dwarf-with-dsym";
				ENABLE_NS_ASSERTIONS = NO;
				ENABLE_STRICT_OBJC_MSGSEND = YES;
				GCC_C_LANGUAGE_STANDARD = gnu11;
				GCC_NO_COMMON_BLOCKS = YES;
				GCC_WARN_64_TO_32_BIT_CONVERSION = YES;
				GCC_WARN_ABOUT_RETURN_TYPE = YES_ERROR;
				GCC_WARN_UNDECLARED_SELECTOR = YES;
				GCC_WARN_UNINITIALIZED_AUTOS = YES_AGGRESSIVE;
				GCC_WARN_UNUSED_FUNCTION = YES;
				GCC_WARN_UNUSED_VARIABLE = YES;
				IPHONEOS_DEPLOYMENT_TARGET = 13.2;
				MTL_ENABLE_DEBUG_INFO = NO;
				MTL_FAST_MATH = YES;
				SDKROOT = iphoneos;
				SWIFT_COMPILATION_MODE = wholemodule;
				SWIFT_OPTIMIZATION_LEVEL = "-O";
				VALIDATE_PRODUCT = YES;
			};
			name = Release;
		};
		02815888240B0F7000B07251 /* Debug */ = {
			isa = XCBuildConfiguration;
			buildSettings = {
				ASSETCATALOG_COMPILER_APPICON_NAME = AppIcon;
				CODE_SIGN_STYLE = Automatic;
				DEVELOPMENT_TEAM = 98FUDF52EK;
				INFOPLIST_FILE = HeartRateMonitor/Info.plist;
				LD_RUNPATH_SEARCH_PATHS = (
					"$(inherited)",
					"@executable_path/Frameworks",
				);
				PRODUCT_BUNDLE_IDENTIFIER = "com.mim-development.HeartRateMonitor";
				PRODUCT_NAME = "$(TARGET_NAME)";
				SWIFT_VERSION = 5.0;
				TARGETED_DEVICE_FAMILY = "1,2";
			};
			name = Debug;
		};
		02815889240B0F7000B07251 /* Release */ = {
			isa = XCBuildConfiguration;
			buildSettings = {
				ASSETCATALOG_COMPILER_APPICON_NAME = AppIcon;
				CODE_SIGN_STYLE = Automatic;
				DEVELOPMENT_TEAM = 98FUDF52EK;
				INFOPLIST_FILE = HeartRateMonitor/Info.plist;
				LD_RUNPATH_SEARCH_PATHS = (
					"$(inherited)",
					"@executable_path/Frameworks",
				);
				PRODUCT_BUNDLE_IDENTIFIER = "com.mim-development.HeartRateMonitor";
				PRODUCT_NAME = "$(TARGET_NAME)";
				SWIFT_VERSION = 5.0;
				TARGETED_DEVICE_FAMILY = "1,2";
			};
			name = Release;
		};
/* End XCBuildConfiguration section */

/* Begin XCConfigurationList section */
		0281586E240B0F6F00B07251 /* Build configuration list for PBXProject "HeartRateMonitor" */ = {
			isa = XCConfigurationList;
			buildConfigurations = (
				02815885240B0F7000B07251 /* Debug */,
				02815886240B0F7000B07251 /* Release */,
			);
			defaultConfigurationIsVisible = 0;
			defaultConfigurationName = Release;
		};
		02815887240B0F7000B07251 /* Build configuration list for PBXNativeTarget "HeartRateMonitor" */ = {
			isa = XCConfigurationList;
			buildConfigurations = (
				02815888240B0F7000B07251 /* Debug */,
				02815889240B0F7000B07251 /* Release */,
			);
			defaultConfigurationIsVisible = 0;
			defaultConfigurationName = Release;
		};
/* End XCConfigurationList section */
	};
	rootObject = 0281586B240B0F6F00B07251 /* Project object */;
}
